
Microsoft Visual Studio Solution File, Format Version 12.00
# Visual Studio Version 16
VisualStudioVersion = 16.0.33214.272
MinimumVisualStudioVersion = 10.0.40219.1
Project("{FAE04EC0-301F-11D3-BF4B-00C04F79EFBC}") = "CarRantalMGT", "CarRantalMGT\CarRantalMGT.csproj", "{F385F3C9-8104-427D-B000-50F00629DF36}"
EndProject
Global
	GlobalSection(SolutionConfigurationPlatforms) = preSolution
		Debug|Any CPU = Debug|Any CPU
		Release|Any CPU = Release|Any CPU
	EndGlobalSection
	GlobalSection(ProjectConfigurationPlatforms) = postSolution
		{F385F3C9-8104-427D-B000-50F00629DF36}.Debug|Any CPU.ActiveCfg = Debug|Any CPU
		{F385F3C9-8104-427D-B000-50F00629DF36}.Debug|Any CPU.Build.0 = Debug|Any CPU
		{F385F3C9-8104-427D-B000-50F00629DF36}.Release|Any CPU.ActiveCfg = Release|Any CPU
		{F385F3C9-8104-427D-B000-50F00629DF36}.Release|Any CPU.Build.0 = Release|Any CPU
	EndGlobalSection
	GlobalSection(SolutionProperties) = preSolution
		HideSolutionNode = FALSE
	EndGlobalSection
	GlobalSection(ExtensibilityGlobals) = postSolution
		SolutionGuid = {4004C470-4191-44BA-9B97-6087DF4BD11B}
	EndGlobalSection
EndGlobal
